
Microsoft Visual Studio Solution File, Format Version 12.00
# Visual Studio Version 16
VisualStudioVersion = 16.0.28803.452
MinimumVisualStudioVersion = 10.0.40219.1
Project("{FAE04EC0-301F-11D3-BF4B-00C04F79EFBC}") = "BabatyeInventory", "BabatyeInventory.csproj", "{D43A36CD-1ED9-4D01-A1D7-A4E43158A087}"
EndProject
Global
	GlobalSection(SolutionConfigurationPlatforms) = preSolution
		Debug|Any CPU = Debug|Any CPU
		Release|Any CPU = Release|Any CPU
	EndGlobalSection
	GlobalSection(ProjectConfigurationPlatforms) = postSolution
		{D43A36CD-1ED9-4D01-A1D7-A4E43158A087}.Debug|Any CPU.ActiveCfg = Debug|Any CPU
		{D43A36CD-1ED9-4D01-A1D7-A4E43158A087}.Debug|Any CPU.Build.0 = Debug|Any CPU
		{D43A36CD-1ED9-4D01-A1D7-A4E43158A087}.Release|Any CPU.ActiveCfg = Release|Any CPU
		{D43A36CD-1ED9-4D01-A1D7-A4E43158A087}.Release|Any CPU.Build.0 = Release|Any CPU
	EndGlobalSection
	GlobalSection(SolutionProperties) = preSolution
		HideSolutionNode = FALSE
	EndGlobalSection
	GlobalSection(ExtensibilityGlobals) = postSolution
		SolutionGuid = {51F5B91F-B4C2-46E5-A9EC-7E8D1249A036}
	EndGlobalSection
EndGlobal
